
Microsoft Visual Studio Solution File, Format Version 12.00
# Visual Studio 15
VisualStudioVersion = 15.0.27703.1
MinimumVisualStudioVersion = 10.0.40219.1
Project("{FAE04EC0-301F-11D3-BF4B-00C04F79EFBC}") = "EFCoreTest", "EFCoreTest\EFCoreTest.csproj", "{836D38A9-570B-44B8-ABD9-F11BAACBBE12}"
EndProject
Global
	GlobalSection(SolutionConfigurationPlatforms) = preSolution
		Debug|Any CPU = Debug|Any CPU
		Release|Any CPU = Release|Any CPU
	EndGlobalSection
	GlobalSection(ProjectConfigurationPlatforms) = postSolution
		{836D38A9-570B-44B8-ABD9-F11BAACBBE12}.Debug|Any CPU.ActiveCfg = Debug|Any CPU
		{836D38A9-570B-44B8-ABD9-F11BAACBBE12}.Debug|Any CPU.Build.0 = Debug|Any CPU
		{836D38A9-570B-44B8-ABD9-F11BAACBBE12}.Release|Any CPU.ActiveCfg = Release|Any CPU
		{836D38A9-570B-44B8-ABD9-F11BAACBBE12}.Release|Any CPU.Build.0 = Release|Any CPU
	EndGlobalSection
	GlobalSection(SolutionProperties) = preSolution
		HideSolutionNode = FALSE
	EndGlobalSection
	GlobalSection(ExtensibilityGlobals) = postSolution
		SolutionGuid = {90E8C4C1-C15A-40DB-BD01-A01AEFFE4E12}
	EndGlobalSection
EndGlobal
